{
    "doctrine/deprecations": {
        "version": "1.1",
        "recipe": {
            "version": "1.0"
        }
    },
    "doctrine/doctrine-bundle": {
        "version": "3.2.2"
    },
    "doctrine/doctrine-migrations-bundle": {
        "version": "4.0.0"
    },
    "phpunit/phpunit": {
        "version": "13.0",
        "recipe": {
            "version": "11.1"
        }
    },
    "symfony/asset-mapper": {
        "version": "8.0",
        "recipe": {
            "version": "6.4"
        }
    },
    "symfony/console": {
        "version": "8.0",
        "recipe": {
            "repo": "github.com/symfony/recipes",
            "branch": "main",
            "version": "5.3",
            "ref": "1781ff40d8a17d87cf53f8d4cf0c8346ed2bb461"
        },
        "files": [
            "./bin/console"
        ]
    },
    "symfony/debug-bundle": {
        "version": "v8.0.7"
    },
    "symfony/flex": {
        "version": "2.10",
        "recipe": {
            "repo": "github.com/symfony/recipes",
            "branch": "main",
            "version": "2.4",
            "ref": "52e9754527a15e2b79d9a610f98185a1fe46622a"
        },
        "files": [
            "./.env",
            "./.env.dev"
        ]
    },
    "symfony/form": {
        "version": "8.0",
        "recipe": {
            "repo": "github.com/symfony/recipes",
            "branch": "main",
            "version": "7.2",
            "ref": "7d86a6723f4a623f59e2bf966b6aad2fc461d36b"
        },
        "files": [
            "./config/packages/csrf.yaml"
        ]
    },
    "symfony/framework-bundle": {
        "version": "8.0",
        "recipe": {
            "repo": "github.com/symfony/recipes",
            "branch": "main",
            "version": "7.4",
            "ref": "09f6e081c763a206802674ce0cb34a022f0ffc6d"
        },
        "files": [
            "./config/packages/cache.yaml",
            "./config/packages/framework.yaml",
            "./config/preload.php",
            "./config/routes/framework.yaml",
            "./config/services.yaml",
            "./public/index.php",
            "./src/Controller/.gitignore",
            "./src/Kernel.php",
            "./.editorconfig"
        ]
    },
    "symfony/mailer": {
        "version": "8.0",
        "recipe": {
            "version": "4.3"
        }
    },
    "symfony/maker-bundle": {
        "version": "v1.67.0"
    },
    "symfony/messenger": {
        "version": "8.0",
        "recipe": {
            "version": "6.0"
        }
    },
    "symfony/monolog-bundle": {
        "version": "v4.0.1"
    },
    "symfony/notifier": {
        "version": "8.0",
        "recipe": {
            "version": "5.0"
        }
    },
    "symfony/property-info": {
        "version": "8.0",
        "recipe": {
            "repo": "github.com/symfony/recipes",
            "branch": "main",
            "version": "7.3",
            "ref": "dae70df71978ae9226ae915ffd5fad817f5ca1f7"
        },
        "files": [
            "./config/packages/property_info.yaml"
        ]
    },
    "symfony/routing": {
        "version": "8.0",
        "recipe": {
            "repo": "github.com/symfony/recipes",
            "branch": "main",
            "version": "7.4",
            "ref": "bc94c4fd86f393f3ab3947c18b830ea343e51ded"
        },
        "files": [
            "./config/packages/routing.yaml",
            "./config/routes.yaml"
        ]
    },
    "symfony/security-bundle": {
        "version": "v8.0.6"
    },
    "symfony/stimulus-bundle": {
        "version": "v2.34.0"
    },
    "symfony/translation": {
        "version": "8.0",
        "recipe": {
            "version": "6.3"
        }
    },
    "symfony/twig-bundle": {
        "version": "8.0",
        "recipe": {
            "repo": "github.com/symfony/recipes",
            "branch": "main",
            "version": "6.4",
            "ref": "cab5fd2a13a45c266d45a7d9337e28dee6272877"
        },
        "files": [
            "./config/packages/twig.yaml",
            "./templates/base.html.twig"
        ]
    },
    "symfony/ux-turbo": {
        "version": "v2.34.0"
    },
    "symfony/validator": {
        "version": "8.0",
        "recipe": {
            "repo": "github.com/symfony/recipes",
            "branch": "main",
            "version": "7.0",
            "ref": "8c1c4e28d26a124b0bb273f537ca8ce443472bfd"
        },
        "files": [
            "./config/packages/validator.yaml"
        ]
    },
    "symfony/web-profiler-bundle": {
        "version": "v8.0.7"
    },
    "symfony/webapp-pack": {
        "version": "1.4",
        "recipe": {
            "version": "1.0"
        }
    },
    "twig/extra-bundle": {
        "version": "v3.24.0"
    }
}
